
Microsoft Visual Studio Solution File, Format Version 12.00
# Visual Studio Version 17
VisualStudioVersion = 17.1.32210.238
MinimumVisualStudioVersion = 10.0.40219.1
Project("{9A19103F-16F7-4668-BE54-9A1E7A4F7556}") = "Automaterria", "Automaterria.csproj", "{895C4C34-E0D0-4AFB-B1A1-D8F33D41F656}"
EndProject
Global
	GlobalSection(SolutionConfigurationPlatforms) = preSolution
		Debug|Any CPU = Debug|Any CPU
		Release|Any CPU = Release|Any CPU
	EndGlobalSection
	GlobalSection(ProjectConfigurationPlatforms) = postSolution
		{895C4C34-E0D0-4AFB-B1A1-D8F33D41F656}.Debug|Any CPU.ActiveCfg = Debug|Any CPU
		{895C4C34-E0D0-4AFB-B1A1-D8F33D41F656}.Debug|Any CPU.Build.0 = Debug|Any CPU
		{895C4C34-E0D0-4AFB-B1A1-D8F33D41F656}.Release|Any CPU.ActiveCfg = Release|Any CPU
		{895C4C34-E0D0-4AFB-B1A1-D8F33D41F656}.Release|Any CPU.Build.0 = Release|Any CPU
	EndGlobalSection
	GlobalSection(SolutionProperties) = preSolution
		HideSolutionNode = FALSE
	EndGlobalSection
	GlobalSection(ExtensibilityGlobals) = postSolution
		SolutionGuid = {8A4C1AE7-6CE4-4679-A1DB-0D2869255060}
	EndGlobalSection
EndGlobal
